
Microsoft Visual Studio Solution File, Format Version 12.00
# Visual Studio Version 17
VisualStudioVersion = 17.5.002.0
MinimumVisualStudioVersion = 10.0.40219.1
Project("{9A19103F-16F7-4668-BE54-9A1E7A4F7556}") = "Calculator", "Calculator.csproj", "{D5E094C1-6D7E-4D99-8911-43DE44F7C397}"
EndProject
Global
	GlobalSection(SolutionConfigurationPlatforms) = preSolution
		Debug|Any CPU = Debug|Any CPU
		Release|Any CPU = Release|Any CPU
	EndGlobalSection
	GlobalSection(ProjectConfigurationPlatforms) = postSolution
		{D5E094C1-6D7E-4D99-8911-43DE44F7C397}.Debug|Any CPU.ActiveCfg = Debug|Any CPU
		{D5E094C1-6D7E-4D99-8911-43DE44F7C397}.Debug|Any CPU.Build.0 = Debug|Any CPU
		{D5E094C1-6D7E-4D99-8911-43DE44F7C397}.Release|Any CPU.ActiveCfg = Release|Any CPU
		{D5E094C1-6D7E-4D99-8911-43DE44F7C397}.Release|Any CPU.Build.0 = Release|Any CPU
	EndGlobalSection
	GlobalSection(SolutionProperties) = preSolution
		HideSolutionNode = FALSE
	EndGlobalSection
	GlobalSection(ExtensibilityGlobals) = postSolution
		SolutionGuid = {131EAC61-CB12-4A5F-88EE-2C38E759E07B}
	EndGlobalSection
EndGlobal
