
Microsoft Visual Studio Solution File, Format Version 12.00
# Visual Studio Version 17
VisualStudioVersion = 17.5.002.0
MinimumVisualStudioVersion = 10.0.40219.1
Project("{9A19103F-16F7-4668-BE54-9A1E7A4F7556}") = "TextEditor", "TextEditor.csproj", "{F00BF865-C308-43EF-9B89-506CBDF4EE65}"
EndProject
Global
	GlobalSection(SolutionConfigurationPlatforms) = preSolution
		Debug|Any CPU = Debug|Any CPU
		Release|Any CPU = Release|Any CPU
	EndGlobalSection
	GlobalSection(ProjectConfigurationPlatforms) = postSolution
		{F00BF865-C308-43EF-9B89-506CBDF4EE65}.Debug|Any CPU.ActiveCfg = Debug|Any CPU
		{F00BF865-C308-43EF-9B89-506CBDF4EE65}.Debug|Any CPU.Build.0 = Debug|Any CPU
		{F00BF865-C308-43EF-9B89-506CBDF4EE65}.Release|Any CPU.ActiveCfg = Release|Any CPU
		{F00BF865-C308-43EF-9B89-506CBDF4EE65}.Release|Any CPU.Build.0 = Release|Any CPU
	EndGlobalSection
	GlobalSection(SolutionProperties) = preSolution
		HideSolutionNode = FALSE
	EndGlobalSection
	GlobalSection(ExtensibilityGlobals) = postSolution
		SolutionGuid = {39C8312D-1FFB-4743-9405-98D7BCED7FC2}
	EndGlobalSection
EndGlobal
